
Microsoft Visual Studio Solution File, Format Version 12.00
# Visual Studio Version 17
VisualStudioVersion = 17.3.32922.545
MinimumVisualStudioVersion = 10.0.40219.1
Project("{FAE04EC0-301F-11D3-BF4B-00C04F79EFBC}") = "BookReserve", "BookReserve\BookReserve.csproj", "{8FD04CDC-82A6-4A0E-83E9-B5AE4488212D}"
EndProject
Global
	GlobalSection(SolutionConfigurationPlatforms) = preSolution
		Debug|Any CPU = Debug|Any CPU
		Release|Any CPU = Release|Any CPU
	EndGlobalSection
	GlobalSection(ProjectConfigurationPlatforms) = postSolution
		{8FD04CDC-82A6-4A0E-83E9-B5AE4488212D}.Debug|Any CPU.ActiveCfg = Debug|Any CPU
		{8FD04CDC-82A6-4A0E-83E9-B5AE4488212D}.Debug|Any CPU.Build.0 = Debug|Any CPU
		{8FD04CDC-82A6-4A0E-83E9-B5AE4488212D}.Release|Any CPU.ActiveCfg = Release|Any CPU
		{8FD04CDC-82A6-4A0E-83E9-B5AE4488212D}.Release|Any CPU.Build.0 = Release|Any CPU
	EndGlobalSection
	GlobalSection(SolutionProperties) = preSolution
		HideSolutionNode = FALSE
	EndGlobalSection
	GlobalSection(ExtensibilityGlobals) = postSolution
		SolutionGuid = {EA842F3C-9795-4B60-BFF2-A7BCC5045C04}
	EndGlobalSection
EndGlobal
